
Microsoft Visual Studio Solution File, Format Version 12.00
# Visual Studio Version 17
VisualStudioVersion = 17.12.35527.113
MinimumVisualStudioVersion = 10.0.40219.1
Project("{FAE04EC0-301F-11D3-BF4B-00C04F79EFBC}") = "SortLab.Core", "src\SortLab.Core\SortLab.Core.csproj", "{75FC20F9-57E3-4829-BFC4-5309352DF0E8}"
EndProject
Project("{FAE04EC0-301F-11D3-BF4B-00C04F79EFBC}") = "SortLab.Tests", "src\SortLab.Tests\SortLab.Tests.csproj", "{69AE5853-23EE-4111-B120-8CA767F28AC5}"
EndProject
Project("{FAE04EC0-301F-11D3-BF4B-00C04F79EFBC}") = "SandboxConsole", "sandbox\SandboxConsole\SandboxConsole.csproj", "{6E0FABB6-3683-46AF-9D39-B9B7808880FB}"
EndProject
Project("{2150E333-8FDC-42A3-9474-1A3956D46DE8}") = ".props", ".props", "{FA92A3B0-786F-4701-A282-015299F87EF4}"
	ProjectSection(SolutionItems) = preProject
		Directory.Packages.props = Directory.Packages.props
	EndProjectSection
EndProject
Project("{FAE04EC0-301F-11D3-BF4B-00C04F79EFBC}") = "SandboxBenchmark", "sandbox\SandboxBenchmark\SandboxBenchmark.csproj", "{33AEDFD6-86E9-44A9-A32F-0E8256B2D93F}"
EndProject
Global
	GlobalSection(SolutionConfigurationPlatforms) = preSolution
		Debug|Any CPU = Debug|Any CPU
		Release|Any CPU = Release|Any CPU
	EndGlobalSection
	GlobalSection(ProjectConfigurationPlatforms) = postSolution
		{75FC20F9-57E3-4829-BFC4-5309352DF0E8}.Debug|Any CPU.ActiveCfg = Debug|Any CPU
		{75FC20F9-57E3-4829-BFC4-5309352DF0E8}.Debug|Any CPU.Build.0 = Debug|Any CPU
		{75FC20F9-57E3-4829-BFC4-5309352DF0E8}.Release|Any CPU.ActiveCfg = Release|Any CPU
		{75FC20F9-57E3-4829-BFC4-5309352DF0E8}.Release|Any CPU.Build.0 = Release|Any CPU
		{69AE5853-23EE-4111-B120-8CA767F28AC5}.Debug|Any CPU.ActiveCfg = Debug|Any CPU
		{69AE5853-23EE-4111-B120-8CA767F28AC5}.Debug|Any CPU.Build.0 = Debug|Any CPU
		{69AE5853-23EE-4111-B120-8CA767F28AC5}.Release|Any CPU.ActiveCfg = Release|Any CPU
		{69AE5853-23EE-4111-B120-8CA767F28AC5}.Release|Any CPU.Build.0 = Release|Any CPU
		{6E0FABB6-3683-46AF-9D39-B9B7808880FB}.Debug|Any CPU.ActiveCfg = Debug|Any CPU
		{6E0FABB6-3683-46AF-9D39-B9B7808880FB}.Debug|Any CPU.Build.0 = Debug|Any CPU
		{6E0FABB6-3683-46AF-9D39-B9B7808880FB}.Release|Any CPU.ActiveCfg = Release|Any CPU
		{6E0FABB6-3683-46AF-9D39-B9B7808880FB}.Release|Any CPU.Build.0 = Release|Any CPU
		{33AEDFD6-86E9-44A9-A32F-0E8256B2D93F}.Debug|Any CPU.ActiveCfg = Debug|Any CPU
		{33AEDFD6-86E9-44A9-A32F-0E8256B2D93F}.Debug|Any CPU.Build.0 = Debug|Any CPU
		{33AEDFD6-86E9-44A9-A32F-0E8256B2D93F}.Release|Any CPU.ActiveCfg = Release|Any CPU
		{33AEDFD6-86E9-44A9-A32F-0E8256B2D93F}.Release|Any CPU.Build.0 = Release|Any CPU
	EndGlobalSection
	GlobalSection(SolutionProperties) = preSolution
		HideSolutionNode = FALSE
	EndGlobalSection
	GlobalSection(ExtensibilityGlobals) = postSolution
		SolutionGuid = {068AB1F6-09BF-40D6-9902-FCE0A71250D1}
	EndGlobalSection
EndGlobal
